
Microsoft Visual Studio Solution File, Format Version 12.00
# Visual Studio Version 16
VisualStudioVersion = 16.0.31313.79
MinimumVisualStudioVersion = 10.0.40219.1
Project("{FAE04EC0-301F-11D3-BF4B-00C04F79EFBC}") = "YY.Screenshot", "YY.Screenshot\YY.Screenshot.csproj", "{F19708FC-778F-45CA-91CD-3BA7FB2DC75D}"
EndProject
Project("{FAE04EC0-301F-11D3-BF4B-00C04F79EFBC}") = "YY.Screenshot.win", "YY.Screenshot.win\YY.Screenshot.win.csproj", "{5AABBD6A-9A9F-4423-97FC-43C21B61475B}"
EndProject
Global
	GlobalSection(SolutionConfigurationPlatforms) = preSolution
		Debug|Any CPU = Debug|Any CPU
		Release|Any CPU = Release|Any CPU
	EndGlobalSection
	GlobalSection(ProjectConfigurationPlatforms) = postSolution
		{F19708FC-778F-45CA-91CD-3BA7FB2DC75D}.Debug|Any CPU.ActiveCfg = Debug|Any CPU
		{F19708FC-778F-45CA-91CD-3BA7FB2DC75D}.Debug|Any CPU.Build.0 = Debug|Any CPU
		{F19708FC-778F-45CA-91CD-3BA7FB2DC75D}.Release|Any CPU.ActiveCfg = Release|Any CPU
		{F19708FC-778F-45CA-91CD-3BA7FB2DC75D}.Release|Any CPU.Build.0 = Release|Any CPU
		{5AABBD6A-9A9F-4423-97FC-43C21B61475B}.Debug|Any CPU.ActiveCfg = Debug|Any CPU
		{5AABBD6A-9A9F-4423-97FC-43C21B61475B}.Debug|Any CPU.Build.0 = Debug|Any CPU
		{5AABBD6A-9A9F-4423-97FC-43C21B61475B}.Release|Any CPU.ActiveCfg = Release|Any CPU
		{5AABBD6A-9A9F-4423-97FC-43C21B61475B}.Release|Any CPU.Build.0 = Release|Any CPU
	EndGlobalSection
	GlobalSection(SolutionProperties) = preSolution
		HideSolutionNode = FALSE
	EndGlobalSection
	GlobalSection(ExtensibilityGlobals) = postSolution
		SolutionGuid = {256A701F-2169-4876-BAE4-868A8BCAAE86}
	EndGlobalSection
EndGlobal
